
Microsoft Visual Studio Solution File, Format Version 12.00
# Visual Studio 2013
VisualStudioVersion = 12.0.31101.0
MinimumVisualStudioVersion = 10.0.40219.1
Project("{FAE04EC0-301F-11D3-BF4B-00C04F79EFBC}") = "GeometryConversions.Windows", "GeometryConversions.Windows\GeometryConversions.Windows.csproj", "{08344397-A0F6-4D59-9970-7B7CA6F66803}"
EndProject
Project("{D954291E-2A0B-460D-934E-DC6B0785DB48}") = "GeometryConversions.Shared", "GeometryConversions.Shared\GeometryConversions.Shared.shproj", "{2FB10B8E-C409-457B-9565-5AF9E507CD11}"
EndProject
Project("{2150E333-8FDC-42A3-9474-1A3956D46DE8}") = "WellKnownBinary", "WellKnownBinary", "{2354113A-E439-4ED9-9B88-F747E2D1DAB1}"
EndProject
Project("{2150E333-8FDC-42A3-9474-1A3956D46DE8}") = "Tests", "Tests", "{5538E392-7F4E-4E71-9848-6B1424C4D358}"
EndProject
Project("{FAE04EC0-301F-11D3-BF4B-00C04F79EFBC}") = "UnitTests.Windows", "UnitTests.Windows\UnitTests.Windows.csproj", "{EB0B6A22-3456-4458-B63F-77096834FD56}"
EndProject
Project("{FAE04EC0-301F-11D3-BF4B-00C04F79EFBC}") = "GeometryConversions.Desktop", "GeometryConversions.Desktop\GeometryConversions.Desktop.csproj", "{8C499606-A4E2-459D-BE7F-C6282D4F998E}"
EndProject
Project("{FAE04EC0-301F-11D3-BF4B-00C04F79EFBC}") = "UnitTests.Desktop", "UnitTests.Desktop\UnitTests.Desktop.csproj", "{BEE40634-054B-4C00-AD72-75F58AA5E4E6}"
EndProject
Project("{FAE04EC0-301F-11D3-BF4B-00C04F79EFBC}") = "GeometryConversions.WindowsPhone", "GeometryConversions.WindowsPhone\GeometryConversions.WindowsPhone.csproj", "{BFE15E9F-F65F-4ED9-9F0A-9C88F37F2DDA}"
EndProject
Project("{FAE04EC0-301F-11D3-BF4B-00C04F79EFBC}") = "UnitTests.WindowsPhone", "UnitTests.WindowsPhone\UnitTests.WindowsPhone.csproj", "{DAFDD69F-5431-4878-A03F-5F643EFB3503}"
EndProject
Project("{D954291E-2A0B-460D-934E-DC6B0785DB48}") = "UnitTests.Shared", "UnitTests.Shared\UnitTests.Shared.shproj", "{7DCEF131-73F2-49DE-8972-893585C800D8}"
EndProject
Global
	GlobalSection(SharedMSBuildProjectFiles) = preSolution
		UnitTests.Shared\UnitTests.Shared.projitems*{7dcef131-73f2-49de-8972-893585c800d8}*SharedItemsImports = 13
		UnitTests.Shared\UnitTests.Shared.projitems*{eb0b6a22-3456-4458-b63f-77096834fd56}*SharedItemsImports = 4
		GeometryConversions.Shared\GeometryConversions.Shared.projitems*{2fb10b8e-c409-457b-9565-5af9e507cd11}*SharedItemsImports = 13
		UnitTests.Shared\UnitTests.Shared.projitems*{bee40634-054b-4c00-ad72-75f58aa5e4e6}*SharedItemsImports = 4
		UnitTests.Shared\UnitTests.Shared.projitems*{dafdd69f-5431-4878-a03f-5f643efb3503}*SharedItemsImports = 4
		GeometryConversions.Shared\GeometryConversions.Shared.projitems*{08344397-a0f6-4d59-9970-7b7ca6f66803}*SharedItemsImports = 4
		GeometryConversions.Shared\GeometryConversions.Shared.projitems*{bfe15e9f-f65f-4ed9-9f0a-9c88f37f2dda}*SharedItemsImports = 4
		GeometryConversions.Shared\GeometryConversions.Shared.projitems*{8c499606-a4e2-459d-be7f-c6282d4f998e}*SharedItemsImports = 4
	EndGlobalSection
	GlobalSection(SolutionConfigurationPlatforms) = preSolution
		Debug|Any CPU = Debug|Any CPU
		Debug|ARM = Debug|ARM
		Debug|x64 = Debug|x64
		Debug|x86 = Debug|x86
		Release|Any CPU = Release|Any CPU
		Release|ARM = Release|ARM
		Release|x64 = Release|x64
		Release|x86 = Release|x86
	EndGlobalSection
	GlobalSection(ProjectConfigurationPlatforms) = postSolution
		{08344397-A0F6-4D59-9970-7B7CA6F66803}.Debug|Any CPU.ActiveCfg = Debug|x86
		{08344397-A0F6-4D59-9970-7B7CA6F66803}.Debug|ARM.ActiveCfg = Debug|ARM
		{08344397-A0F6-4D59-9970-7B7CA6F66803}.Debug|ARM.Build.0 = Debug|ARM
		{08344397-A0F6-4D59-9970-7B7CA6F66803}.Debug|x64.ActiveCfg = Debug|x64
		{08344397-A0F6-4D59-9970-7B7CA6F66803}.Debug|x64.Build.0 = Debug|x64
		{08344397-A0F6-4D59-9970-7B7CA6F66803}.Debug|x86.ActiveCfg = Debug|x86
		{08344397-A0F6-4D59-9970-7B7CA6F66803}.Debug|x86.Build.0 = Debug|x86
		{08344397-A0F6-4D59-9970-7B7CA6F66803}.Release|Any CPU.ActiveCfg = Release|x86
		{08344397-A0F6-4D59-9970-7B7CA6F66803}.Release|ARM.ActiveCfg = Release|ARM
		{08344397-A0F6-4D59-9970-7B7CA6F66803}.Release|ARM.Build.0 = Release|ARM
		{08344397-A0F6-4D59-9970-7B7CA6F66803}.Release|x64.ActiveCfg = Release|x64
		{08344397-A0F6-4D59-9970-7B7CA6F66803}.Release|x64.Build.0 = Release|x64
		{08344397-A0F6-4D59-9970-7B7CA6F66803}.Release|x86.ActiveCfg = Release|x86
		{08344397-A0F6-4D59-9970-7B7CA6F66803}.Release|x86.Build.0 = Release|x86
		{EB0B6A22-3456-4458-B63F-77096834FD56}.Debug|Any CPU.ActiveCfg = Debug|x86
		{EB0B6A22-3456-4458-B63F-77096834FD56}.Debug|Any CPU.Deploy.0 = Debug|x86
		{EB0B6A22-3456-4458-B63F-77096834FD56}.Debug|ARM.ActiveCfg = Debug|ARM
		{EB0B6A22-3456-4458-B63F-77096834FD56}.Debug|ARM.Build.0 = Debug|ARM
		{EB0B6A22-3456-4458-B63F-77096834FD56}.Debug|ARM.Deploy.0 = Debug|ARM
		{EB0B6A22-3456-4458-B63F-77096834FD56}.Debug|x64.ActiveCfg = Debug|x64
		{EB0B6A22-3456-4458-B63F-77096834FD56}.Debug|x64.Build.0 = Debug|x64
		{EB0B6A22-3456-4458-B63F-77096834FD56}.Debug|x64.Deploy.0 = Debug|x64
		{EB0B6A22-3456-4458-B63F-77096834FD56}.Debug|x86.ActiveCfg = Debug|x86
		{EB0B6A22-3456-4458-B63F-77096834FD56}.Debug|x86.Build.0 = Debug|x86
		{EB0B6A22-3456-4458-B63F-77096834FD56}.Debug|x86.Deploy.0 = Debug|x86
		{EB0B6A22-3456-4458-B63F-77096834FD56}.Release|Any CPU.ActiveCfg = Release|x86
		{EB0B6A22-3456-4458-B63F-77096834FD56}.Release|ARM.ActiveCfg = Release|ARM
		{EB0B6A22-3456-4458-B63F-77096834FD56}.Release|ARM.Build.0 = Release|ARM
		{EB0B6A22-3456-4458-B63F-77096834FD56}.Release|ARM.Deploy.0 = Release|ARM
		{EB0B6A22-3456-4458-B63F-77096834FD56}.Release|x64.ActiveCfg = Release|x64
		{EB0B6A22-3456-4458-B63F-77096834FD56}.Release|x64.Build.0 = Release|x64
		{EB0B6A22-3456-4458-B63F-77096834FD56}.Release|x64.Deploy.0 = Release|x64
		{EB0B6A22-3456-4458-B63F-77096834FD56}.Release|x86.ActiveCfg = Release|x86
		{EB0B6A22-3456-4458-B63F-77096834FD56}.Release|x86.Build.0 = Release|x86
		{EB0B6A22-3456-4458-B63F-77096834FD56}.Release|x86.Deploy.0 = Release|x86
		{8C499606-A4E2-459D-BE7F-C6282D4F998E}.Debug|Any CPU.ActiveCfg = Debug|Any CPU
		{8C499606-A4E2-459D-BE7F-C6282D4F998E}.Debug|Any CPU.Build.0 = Debug|Any CPU
		{8C499606-A4E2-459D-BE7F-C6282D4F998E}.Debug|ARM.ActiveCfg = Debug|Any CPU
		{8C499606-A4E2-459D-BE7F-C6282D4F998E}.Debug|ARM.Build.0 = Debug|Any CPU
		{8C499606-A4E2-459D-BE7F-C6282D4F998E}.Debug|x64.ActiveCfg = Debug|Any CPU
		{8C499606-A4E2-459D-BE7F-C6282D4F998E}.Debug|x64.Build.0 = Debug|Any CPU
		{8C499606-A4E2-459D-BE7F-C6282D4F998E}.Debug|x86.ActiveCfg = Debug|Any CPU
		{8C499606-A4E2-459D-BE7F-C6282D4F998E}.Debug|x86.Build.0 = Debug|Any CPU
		{8C499606-A4E2-459D-BE7F-C6282D4F998E}.Release|Any CPU.ActiveCfg = Release|Any CPU
		{8C499606-A4E2-459D-BE7F-C6282D4F998E}.Release|Any CPU.Build.0 = Release|Any CPU
		{8C499606-A4E2-459D-BE7F-C6282D4F998E}.Release|ARM.ActiveCfg = Release|Any CPU
		{8C499606-A4E2-459D-BE7F-C6282D4F998E}.Release|ARM.Build.0 = Release|Any CPU
		{8C499606-A4E2-459D-BE7F-C6282D4F998E}.Release|x64.ActiveCfg = Release|Any CPU
		{8C499606-A4E2-459D-BE7F-C6282D4F998E}.Release|x64.Build.0 = Release|Any CPU
		{8C499606-A4E2-459D-BE7F-C6282D4F998E}.Release|x86.ActiveCfg = Release|Any CPU
		{8C499606-A4E2-459D-BE7F-C6282D4F998E}.Release|x86.Build.0 = Release|Any CPU
		{BEE40634-054B-4C00-AD72-75F58AA5E4E6}.Debug|Any CPU.ActiveCfg = Debug|Any CPU
		{BEE40634-054B-4C00-AD72-75F58AA5E4E6}.Debug|Any CPU.Build.0 = Debug|Any CPU
		{BEE40634-054B-4C00-AD72-75F58AA5E4E6}.Debug|ARM.ActiveCfg = Debug|Any CPU
		{BEE40634-054B-4C00-AD72-75F58AA5E4E6}.Debug|x64.ActiveCfg = Debug|Any CPU
		{BEE40634-054B-4C00-AD72-75F58AA5E4E6}.Debug|x64.Build.0 = Debug|Any CPU
		{BEE40634-054B-4C00-AD72-75F58AA5E4E6}.Debug|x86.ActiveCfg = Debug|Any CPU
		{BEE40634-054B-4C00-AD72-75F58AA5E4E6}.Debug|x86.Build.0 = Debug|Any CPU
		{BEE40634-054B-4C00-AD72-75F58AA5E4E6}.Release|Any CPU.ActiveCfg = Release|Any CPU
		{BEE40634-054B-4C00-AD72-75F58AA5E4E6}.Release|Any CPU.Build.0 = Release|Any CPU
		{BEE40634-054B-4C00-AD72-75F58AA5E4E6}.Release|ARM.ActiveCfg = Release|Any CPU
		{BEE40634-054B-4C00-AD72-75F58AA5E4E6}.Release|x64.ActiveCfg = Release|Any CPU
		{BEE40634-054B-4C00-AD72-75F58AA5E4E6}.Release|x64.Build.0 = Release|Any CPU
		{BEE40634-054B-4C00-AD72-75F58AA5E4E6}.Release|x86.ActiveCfg = Release|Any CPU
		{BEE40634-054B-4C00-AD72-75F58AA5E4E6}.Release|x86.Build.0 = Release|Any CPU
		{BFE15E9F-F65F-4ED9-9F0A-9C88F37F2DDA}.Debug|Any CPU.ActiveCfg = Debug|x86
		{BFE15E9F-F65F-4ED9-9F0A-9C88F37F2DDA}.Debug|ARM.ActiveCfg = Debug|ARM
		{BFE15E9F-F65F-4ED9-9F0A-9C88F37F2DDA}.Debug|ARM.Build.0 = Debug|ARM
		{BFE15E9F-F65F-4ED9-9F0A-9C88F37F2DDA}.Debug|x64.ActiveCfg = Debug|ARM
		{BFE15E9F-F65F-4ED9-9F0A-9C88F37F2DDA}.Debug|x86.ActiveCfg = Debug|x86
		{BFE15E9F-F65F-4ED9-9F0A-9C88F37F2DDA}.Debug|x86.Build.0 = Debug|x86
		{BFE15E9F-F65F-4ED9-9F0A-9C88F37F2DDA}.Release|Any CPU.ActiveCfg = Release|x86
		{BFE15E9F-F65F-4ED9-9F0A-9C88F37F2DDA}.Release|ARM.ActiveCfg = Release|ARM
		{BFE15E9F-F65F-4ED9-9F0A-9C88F37F2DDA}.Release|ARM.Build.0 = Release|ARM
		{BFE15E9F-F65F-4ED9-9F0A-9C88F37F2DDA}.Release|x64.ActiveCfg = Release|x86
		{BFE15E9F-F65F-4ED9-9F0A-9C88F37F2DDA}.Release|x86.ActiveCfg = Release|x86
		{BFE15E9F-F65F-4ED9-9F0A-9C88F37F2DDA}.Release|x86.Build.0 = Release|x86
		{DAFDD69F-5431-4878-A03F-5F643EFB3503}.Debug|Any CPU.ActiveCfg = Debug|x86
		{DAFDD69F-5431-4878-A03F-5F643EFB3503}.Debug|ARM.ActiveCfg = Debug|ARM
		{DAFDD69F-5431-4878-A03F-5F643EFB3503}.Debug|ARM.Build.0 = Debug|ARM
		{DAFDD69F-5431-4878-A03F-5F643EFB3503}.Debug|ARM.Deploy.0 = Debug|ARM
		{DAFDD69F-5431-4878-A03F-5F643EFB3503}.Debug|x64.ActiveCfg = Debug|x86
		{DAFDD69F-5431-4878-A03F-5F643EFB3503}.Debug|x86.ActiveCfg = Debug|x86
		{DAFDD69F-5431-4878-A03F-5F643EFB3503}.Debug|x86.Build.0 = Debug|x86
		{DAFDD69F-5431-4878-A03F-5F643EFB3503}.Debug|x86.Deploy.0 = Debug|x86
		{DAFDD69F-5431-4878-A03F-5F643EFB3503}.Release|Any CPU.ActiveCfg = Release|x86
		{DAFDD69F-5431-4878-A03F-5F643EFB3503}.Release|ARM.ActiveCfg = Release|ARM
		{DAFDD69F-5431-4878-A03F-5F643EFB3503}.Release|ARM.Build.0 = Release|ARM
		{DAFDD69F-5431-4878-A03F-5F643EFB3503}.Release|ARM.Deploy.0 = Release|ARM
		{DAFDD69F-5431-4878-A03F-5F643EFB3503}.Release|x64.ActiveCfg = Release|x86
		{DAFDD69F-5431-4878-A03F-5F643EFB3503}.Release|x86.ActiveCfg = Release|x86
		{DAFDD69F-5431-4878-A03F-5F643EFB3503}.Release|x86.Build.0 = Release|x86
		{DAFDD69F-5431-4878-A03F-5F643EFB3503}.Release|x86.Deploy.0 = Release|x86
	EndGlobalSection
	GlobalSection(SolutionProperties) = preSolution
		HideSolutionNode = FALSE
	EndGlobalSection
	GlobalSection(NestedProjects) = preSolution
		{08344397-A0F6-4D59-9970-7B7CA6F66803} = {2354113A-E439-4ED9-9B88-F747E2D1DAB1}
		{2FB10B8E-C409-457B-9565-5AF9E507CD11} = {2354113A-E439-4ED9-9B88-F747E2D1DAB1}
		{EB0B6A22-3456-4458-B63F-77096834FD56} = {5538E392-7F4E-4E71-9848-6B1424C4D358}
		{8C499606-A4E2-459D-BE7F-C6282D4F998E} = {2354113A-E439-4ED9-9B88-F747E2D1DAB1}
		{BEE40634-054B-4C00-AD72-75F58AA5E4E6} = {5538E392-7F4E-4E71-9848-6B1424C4D358}
		{BFE15E9F-F65F-4ED9-9F0A-9C88F37F2DDA} = {2354113A-E439-4ED9-9B88-F747E2D1DAB1}
		{DAFDD69F-5431-4878-A03F-5F643EFB3503} = {5538E392-7F4E-4E71-9848-6B1424C4D358}
		{7DCEF131-73F2-49DE-8972-893585C800D8} = {5538E392-7F4E-4E71-9848-6B1424C4D358}
	EndGlobalSection
EndGlobal
